
Microsoft Visual Studio Solution File, Format Version 12.00
# Visual Studio Version 17
VisualStudioVersion = 17.14.37027.9
MinimumVisualStudioVersion = 10.0.40219.1
Project("{FAE04EC0-301F-11D3-BF4B-00C04F79EFBC}") = "PricingService", "PricingService\PricingService.csproj", "{89F710FF-6E65-4360-BA37-8D9DCCB12597}"
EndProject
Project("{FAE04EC0-301F-11D3-BF4B-00C04F79EFBC}") = "PricingService.Api", "PricingService.Api\PricingService.Api.csproj", "{436D00FB-7326-442E-A488-1BC487255428}"
EndProject
Project("{FAE04EC0-301F-11D3-BF4B-00C04F79EFBC}") = "PricingService.Test", "PricingService.Test\PricingService.Test.csproj", "{EDA9523F-D3DA-4597-AE92-A3F4DE7F0B14}"
EndProject
Project("{FAE04EC0-301F-11D3-BF4B-00C04F79EFBC}") = "ProductService", "ProductService\ProductService.csproj", "{3E201AB1-4BFC-4A2E-B605-187F1FBF7CDC}"
EndProject
Project("{FAE04EC0-301F-11D3-BF4B-00C04F79EFBC}") = "ProductService.Api", "ProductService.Api\ProductService.Api.csproj", "{561D58C3-6A00-43B9-9E1E-CF8B6C302666}"
EndProject
Project("{FAE04EC0-301F-11D3-BF4B-00C04F79EFBC}") = "ProductService.Test", "ProductService.Test\ProductService.Test.csproj", "{1558CBCD-405F-4C26-8823-C5CC2634C120}"
EndProject
Project("{FAE04EC0-301F-11D3-BF4B-00C04F79EFBC}") = "BlazorWasmClient", "..\..\..\..\..\OneDrive\Documents\GitHub\Microservices_Insurance_CaseStudy\BlazorWasmClient\BlazorWasmClient.csproj", "{814DF491-7AB1-F24A-44E5-79E8FDEAE672}"
EndProject
Project("{FAE04EC0-301F-11D3-BF4B-00C04F79EFBC}") = "AgentPortalApiGateway", "..\..\..\..\..\OneDrive\Documents\GitHub\Microservices_Insurance_CaseStudy\AgentPortalApiGateway\AgentPortalApiGateway.csproj", "{B2520274-F8A6-4CAE-1F91-6C2D47857EBC}"
EndProject
Project("{2150E333-8FDC-42A3-9474-1A3956D46DE8}") = "postgres", "postgres", "{02EA681E-C7D8-13C7-8484-4AC65E1B71E8}"
	ProjectSection(SolutionItems) = preProject
		..\..\..\..\..\OneDrive\Máy tính\lab4\postgres\createdatabases.sql = ..\..\..\..\..\OneDrive\Máy tính\lab4\postgres\createdatabases.sql
		..\..\..\..\..\OneDrive\Máy tính\lab4\postgres\Dockerfile = ..\..\..\..\..\OneDrive\Máy tính\lab4\postgres\Dockerfile
		..\..\..\..\..\OneDrive\Máy tính\lab4\postgres\jobs_backup.sql = ..\..\..\..\..\OneDrive\Máy tính\lab4\postgres\jobs_backup.sql
		..\..\..\..\..\OneDrive\Máy tính\lab4\postgres\payments_backup.sql = ..\..\..\..\..\OneDrive\Máy tính\lab4\postgres\payments_backup.sql
		..\..\..\..\..\OneDrive\Máy tính\lab4\postgres\policy_backup.sql = ..\..\..\..\..\OneDrive\Máy tính\lab4\postgres\policy_backup.sql
		..\..\..\..\..\OneDrive\Máy tính\lab4\postgres\pricing_backup.sql = ..\..\..\..\..\OneDrive\Máy tính\lab4\postgres\pricing_backup.sql
	EndProjectSection
EndProject
Project("{2150E333-8FDC-42A3-9474-1A3956D46DE8}") = "scripts", "scripts", "{7736222B-F2D4-4409-A974-DD8893411372}"
	ProjectSection(SolutionItems) = preProject
		..\..\..\..\..\OneDrive\Máy tính\lab4\scripts\app-build.sh = ..\..\..\..\..\OneDrive\Máy tính\lab4\scripts\app-build.sh
		..\..\..\..\..\OneDrive\Máy tính\lab4\scripts\app-down.sh = ..\..\..\..\..\OneDrive\Máy tính\lab4\scripts\app-down.sh
		..\..\..\..\..\OneDrive\Máy tính\lab4\scripts\app-logs.sh = ..\..\..\..\..\OneDrive\Máy tính\lab4\scripts\app-logs.sh
		..\..\..\..\..\OneDrive\Máy tính\lab4\scripts\app-run.sh = ..\..\..\..\..\OneDrive\Máy tính\lab4\scripts\app-run.sh
		..\..\..\..\..\OneDrive\Máy tính\lab4\scripts\app.yml = ..\..\..\..\..\OneDrive\Máy tính\lab4\scripts\app.yml
		..\..\..\..\..\OneDrive\Máy tính\lab4\scripts\build-without-tests.bat = ..\..\..\..\..\OneDrive\Máy tính\lab4\scripts\build-without-tests.bat
		..\..\..\..\..\OneDrive\Máy tính\lab4\scripts\build-without-tests.sh = ..\..\..\..\..\OneDrive\Máy tính\lab4\scripts\build-without-tests.sh
		..\..\..\..\..\OneDrive\Máy tính\lab4\scripts\build.bat = ..\..\..\..\..\OneDrive\Máy tính\lab4\scripts\build.bat
		..\..\..\..\..\OneDrive\Máy tính\lab4\scripts\build.sh = ..\..\..\..\..\OneDrive\Máy tính\lab4\scripts\build.sh
		..\..\..\..\..\OneDrive\Máy tính\lab4\scripts\infra-build.sh = ..\..\..\..\..\OneDrive\Máy tính\lab4\scripts\infra-build.sh
		..\..\..\..\..\OneDrive\Máy tính\lab4\scripts\infra-down.sh = ..\..\..\..\..\OneDrive\Máy tính\lab4\scripts\infra-down.sh
		..\..\..\..\..\OneDrive\Máy tính\lab4\scripts\infra-logs.sh = ..\..\..\..\..\OneDrive\Máy tính\lab4\scripts\infra-logs.sh
		..\..\..\..\..\OneDrive\Máy tính\lab4\scripts\infra-run.sh = ..\..\..\..\..\OneDrive\Máy tính\lab4\scripts\infra-run.sh
		..\..\..\..\..\OneDrive\Máy tính\lab4\scripts\infra.yml = ..\..\..\..\..\OneDrive\Máy tính\lab4\scripts\infra.yml
		..\..\..\..\..\OneDrive\Máy tính\lab4\scripts\rabbitmq-isolated.conf = ..\..\..\..\..\OneDrive\Máy tính\lab4\scripts\rabbitmq-isolated.conf
	EndProjectSection
EndProject
Global
	GlobalSection(SolutionConfigurationPlatforms) = preSolution
		Debug|Any CPU = Debug|Any CPU
		Release|Any CPU = Release|Any CPU
	EndGlobalSection
	GlobalSection(ProjectConfigurationPlatforms) = postSolution
		{89F710FF-6E65-4360-BA37-8D9DCCB12597}.Debug|Any CPU.ActiveCfg = Debug|Any CPU
		{89F710FF-6E65-4360-BA37-8D9DCCB12597}.Debug|Any CPU.Build.0 = Debug|Any CPU
		{89F710FF-6E65-4360-BA37-8D9DCCB12597}.Release|Any CPU.ActiveCfg = Release|Any CPU
		{89F710FF-6E65-4360-BA37-8D9DCCB12597}.Release|Any CPU.Build.0 = Release|Any CPU
		{436D00FB-7326-442E-A488-1BC487255428}.Debug|Any CPU.ActiveCfg = Debug|Any CPU
		{436D00FB-7326-442E-A488-1BC487255428}.Debug|Any CPU.Build.0 = Debug|Any CPU
		{436D00FB-7326-442E-A488-1BC487255428}.Release|Any CPU.ActiveCfg = Release|Any CPU
		{436D00FB-7326-442E-A488-1BC487255428}.Release|Any CPU.Build.0 = Release|Any CPU
		{EDA9523F-D3DA-4597-AE92-A3F4DE7F0B14}.Debug|Any CPU.ActiveCfg = Debug|Any CPU
		{EDA9523F-D3DA-4597-AE92-A3F4DE7F0B14}.Debug|Any CPU.Build.0 = Debug|Any CPU
		{EDA9523F-D3DA-4597-AE92-A3F4DE7F0B14}.Release|Any CPU.ActiveCfg = Release|Any CPU
		{EDA9523F-D3DA-4597-AE92-A3F4DE7F0B14}.Release|Any CPU.Build.0 = Release|Any CPU
		{3E201AB1-4BFC-4A2E-B605-187F1FBF7CDC}.Debug|Any CPU.ActiveCfg = Debug|Any CPU
		{3E201AB1-4BFC-4A2E-B605-187F1FBF7CDC}.Debug|Any CPU.Build.0 = Debug|Any CPU
		{3E201AB1-4BFC-4A2E-B605-187F1FBF7CDC}.Release|Any CPU.ActiveCfg = Release|Any CPU
		{3E201AB1-4BFC-4A2E-B605-187F1FBF7CDC}.Release|Any CPU.Build.0 = Release|Any CPU
		{561D58C3-6A00-43B9-9E1E-CF8B6C302666}.Debug|Any CPU.ActiveCfg = Debug|Any CPU
		{561D58C3-6A00-43B9-9E1E-CF8B6C302666}.Debug|Any CPU.Build.0 = Debug|Any CPU
		{561D58C3-6A00-43B9-9E1E-CF8B6C302666}.Release|Any CPU.ActiveCfg = Release|Any CPU
		{561D58C3-6A00-43B9-9E1E-CF8B6C302666}.Release|Any CPU.Build.0 = Release|Any CPU
		{1558CBCD-405F-4C26-8823-C5CC2634C120}.Debug|Any CPU.ActiveCfg = Debug|Any CPU
		{1558CBCD-405F-4C26-8823-C5CC2634C120}.Debug|Any CPU.Build.0 = Debug|Any CPU
		{1558CBCD-405F-4C26-8823-C5CC2634C120}.Release|Any CPU.ActiveCfg = Release|Any CPU
		{1558CBCD-405F-4C26-8823-C5CC2634C120}.Release|Any CPU.Build.0 = Release|Any CPU
		{814DF491-7AB1-F24A-44E5-79E8FDEAE672}.Debug|Any CPU.ActiveCfg = Debug|Any CPU
		{814DF491-7AB1-F24A-44E5-79E8FDEAE672}.Debug|Any CPU.Build.0 = Debug|Any CPU
		{814DF491-7AB1-F24A-44E5-79E8FDEAE672}.Release|Any CPU.ActiveCfg = Release|Any CPU
		{814DF491-7AB1-F24A-44E5-79E8FDEAE672}.Release|Any CPU.Build.0 = Release|Any CPU
		{B2520274-F8A6-4CAE-1F91-6C2D47857EBC}.Debug|Any CPU.ActiveCfg = Debug|Any CPU
		{B2520274-F8A6-4CAE-1F91-6C2D47857EBC}.Debug|Any CPU.Build.0 = Debug|Any CPU
		{B2520274-F8A6-4CAE-1F91-6C2D47857EBC}.Release|Any CPU.ActiveCfg = Release|Any CPU
		{B2520274-F8A6-4CAE-1F91-6C2D47857EBC}.Release|Any CPU.Build.0 = Release|Any CPU
	EndGlobalSection
	GlobalSection(SolutionProperties) = preSolution
		HideSolutionNode = FALSE
	EndGlobalSection
	GlobalSection(ExtensibilityGlobals) = postSolution
		SolutionGuid = {160EE261-E1DF-4C5A-A37F-39750E231A0E}
	EndGlobalSection
EndGlobal
