
Microsoft Visual Studio Solution File, Format Version 12.00
# Visual Studio Version 17
VisualStudioVersion = 17.0.31903.59
MinimumVisualStudioVersion = 10.0.40219.1
Project("{FAE04EC0-301F-11D3-BF4B-00C04F79EFBC}") = "AgentPortalApiGateway", "ApiGateway\AgentPortalApiGateway\AgentPortalApiGateway.csproj", "{8F1D98B6-F7EA-43FA-82DC-0D4D6C192EEE}"
EndProject
Project("{FAE04EC0-301F-11D3-BF4B-00C04F79EFBC}") = "BlazorWasmClient", "Frontend\BlazorWasmClient\BlazorWasmClient.csproj", "{972D6929-0E8D-46E5-8974-23C200884D47}"
EndProject
Project("{FAE04EC0-301F-11D3-BF4B-00C04F79EFBC}") = "AuthService", "Microservices\AuthService\AuthService\AuthService.csproj", "{1A39368E-D02E-4FD1-B9F5-75BFC676E5A3}"
EndProject
Project("{FAE04EC0-301F-11D3-BF4B-00C04F79EFBC}") = "ChatService", "Microservices\ChatService\ChatService\ChatService.csproj", "{5A668088-0410-41E9-95D1-8017507AEF24}"
EndProject
Project("{FAE04EC0-301F-11D3-BF4B-00C04F79EFBC}") = "ChatService.Api", "Microservices\ChatService\ChatService.Api\ChatService.Api.csproj", "{46A39540-8C94-42CC-9664-BE516D8C2108}"
EndProject
Project("{FAE04EC0-301F-11D3-BF4B-00C04F79EFBC}") = "DashboardService", "Microservices\DashboardService\DashboardService\DashboardService.csproj", "{16665ED6-E4BC-4D64-AFA7-18ACBE542E55}"
EndProject
Project("{FAE04EC0-301F-11D3-BF4B-00C04F79EFBC}") = "DashboardService.Api", "Microservices\DashboardService\DashboardService.Api\DashboardService.Api.csproj", "{9210CA1F-B5C2-470B-81F3-FC3834E58067}"
EndProject
Project("{FAE04EC0-301F-11D3-BF4B-00C04F79EFBC}") = "DashboardService.Test", "Microservices\DashboardService\DashboardService.Test\DashboardService.Test.csproj", "{58C947F5-94E1-4C8F-8225-58A6D2BE05C5}"
EndProject
Project("{FAE04EC0-301F-11D3-BF4B-00C04F79EFBC}") = "DocumentService.Api", "Microservices\DocumentService\DocumentService.Api\DocumentService.Api.csproj", "{F9312354-B321-4A40-A806-4DCAD130FA14}"
EndProject
Project("{FAE04EC0-301F-11D3-BF4B-00C04F79EFBC}") = "InitDb", "Microservices\InitDb\InitDb.csproj", "{70652B46-40FE-45ED-8F80-5CAB571134F4}"
EndProject
Project("{FAE04EC0-301F-11D3-BF4B-00C04F79EFBC}") = "PaymentService", "Microservices\PaymentService\PaymentService\PaymentService.csproj", "{AFCBC2D4-544C-44E3-AA2A-4C815D5D8B8F}"
EndProject
Project("{FAE04EC0-301F-11D3-BF4B-00C04F79EFBC}") = "PaymentService.Api", "Microservices\PaymentService\PaymentService.Api\PaymentService.Api.csproj", "{E933BB11-5209-4428-8C82-9D83C926EEF6}"
EndProject
Project("{FAE04EC0-301F-11D3-BF4B-00C04F79EFBC}") = "PaymentService.Test", "Microservices\PaymentService\PaymentService.Test\PaymentService.Test.csproj", "{514BE312-C81D-4230-9FB6-BBDDB9466C01}"
EndProject
Project("{FAE04EC0-301F-11D3-BF4B-00C04F79EFBC}") = "PolicySearchService", "Microservices\PolicySearchService\PolicySearchService\PolicySearchService.csproj", "{718C22B8-0F9C-4207-9AE5-DADB01891DA4}"
EndProject
Project("{FAE04EC0-301F-11D3-BF4B-00C04F79EFBC}") = "PolicySearchService.Api", "Microservices\PolicySearchService\PolicySearchService.Api\PolicySearchService.Api.csproj", "{ED23CBC8-9A05-43F4-BD61-C320B3F2FA7A}"
EndProject
Project("{FAE04EC0-301F-11D3-BF4B-00C04F79EFBC}") = "PolicyService", "Microservices\PolicyService\PolicyService\PolicyService.csproj", "{C5BECD3D-ABD5-466C-AE5E-07A5EA8D9DD3}"
EndProject
Project("{FAE04EC0-301F-11D3-BF4B-00C04F79EFBC}") = "PolicyService.Api", "Microservices\PolicyService\PolicyService.Api\PolicyService.Api.csproj", "{1E71F213-1967-431F-ADB2-19E0D328EA93}"
EndProject
Project("{FAE04EC0-301F-11D3-BF4B-00C04F79EFBC}") = "PolicyService.Test", "Microservices\PolicyService\PolicyService.Test\PolicyService.Test.csproj", "{36761A6F-0921-429E-BEBB-88F23A2AED8B}"
EndProject
Project("{FAE04EC0-301F-11D3-BF4B-00C04F79EFBC}") = "PricingService", "Microservices\PricingService\PricingService\PricingService.csproj", "{C3A0B042-D4E1-444E-8013-B77A6EE286A3}"
EndProject
Project("{FAE04EC0-301F-11D3-BF4B-00C04F79EFBC}") = "PricingService.Api", "Microservices\PricingService\PricingService.Api\PricingService.Api.csproj", "{52BCF3D3-6817-4EE1-963F-5E5EE27265A9}"
EndProject
Project("{FAE04EC0-301F-11D3-BF4B-00C04F79EFBC}") = "PricingService.IntegrationTest", "Microservices\PricingService\PricingService.IntegrationTest\PricingService.IntegrationTest.csproj", "{CB0FFADF-3E83-4CDA-AECD-41B0ED38F317}"
EndProject
Project("{FAE04EC0-301F-11D3-BF4B-00C04F79EFBC}") = "PricingService.Test", "Microservices\PricingService\PricingService.Test\PricingService.Test.csproj", "{8B42CB5E-48E8-4C1F-B5BB-A7E21E818E03}"
EndProject
Project("{FAE04EC0-301F-11D3-BF4B-00C04F79EFBC}") = "ProductService", "Microservices\ProductService\ProductService\ProductService.csproj", "{883D4953-4624-4D4B-BFA8-0B1ABE512324}"
EndProject
Project("{FAE04EC0-301F-11D3-BF4B-00C04F79EFBC}") = "ProductService.Api", "Microservices\ProductService\ProductService.Api\ProductService.Api.csproj", "{DECAFFEA-785B-4D73-931B-A39165DEC490}"
EndProject
Project("{FAE04EC0-301F-11D3-BF4B-00C04F79EFBC}") = "ProductService.Test", "Microservices\ProductService\ProductService.Test\ProductService.Test.csproj", "{F34620D7-6EA5-4F85-A4A5-9E8AD0A752D0}"
EndProject
Project("{E24C65DC-7377-472B-9ABA-BC803B73C61A}") = "Web(1)", "Frontend\Web\", "{A9807B56-ABAE-FC54-E455-F6F1CAEFB532}"
	ProjectSection(WebsiteProperties) = preProject
		TargetFrameworkMoniker = ".NETFramework,Version%3Dv4.8.1"
		Debug.AspNetCompiler.VirtualPath = "/localhost_53130"
		Debug.AspNetCompiler.PhysicalPath = "Frontend\Web\"
		Debug.AspNetCompiler.TargetPath = "PrecompiledWeb\localhost_53130\"
		Debug.AspNetCompiler.Updateable = "true"
		Debug.AspNetCompiler.ForceOverwrite = "true"
		Debug.AspNetCompiler.FixedNames = "false"
		Debug.AspNetCompiler.Debug = "True"
		Release.AspNetCompiler.VirtualPath = "/localhost_53130"
		Release.AspNetCompiler.PhysicalPath = "Frontend\Web\"
		Release.AspNetCompiler.TargetPath = "PrecompiledWeb\localhost_53130\"
		Release.AspNetCompiler.Updateable = "true"
		Release.AspNetCompiler.ForceOverwrite = "true"
		Release.AspNetCompiler.FixedNames = "false"
		Release.AspNetCompiler.Debug = "False"
		VWDPort = "53130"
		SlnRelativePath = "Frontend\Web\"
	EndProjectSection
EndProject
Project("{E24C65DC-7377-472B-9ABA-BC803B73C61A}") = "eureka-server(1)", "Infrastructure\eureka-server\", "{E97AA169-5906-9560-1805-7FE7597C83BB}"
	ProjectSection(WebsiteProperties) = preProject
		TargetFrameworkMoniker = ".NETFramework,Version%3Dv4.8.1"
		Debug.AspNetCompiler.VirtualPath = "/localhost_64235"
		Debug.AspNetCompiler.PhysicalPath = "Infrastructure\eureka-server\"
		Debug.AspNetCompiler.TargetPath = "PrecompiledWeb\localhost_64235\"
		Debug.AspNetCompiler.Updateable = "true"
		Debug.AspNetCompiler.ForceOverwrite = "true"
		Debug.AspNetCompiler.FixedNames = "false"
		Debug.AspNetCompiler.Debug = "True"
		Release.AspNetCompiler.VirtualPath = "/localhost_64235"
		Release.AspNetCompiler.PhysicalPath = "Infrastructure\eureka-server\"
		Release.AspNetCompiler.TargetPath = "PrecompiledWeb\localhost_64235\"
		Release.AspNetCompiler.Updateable = "true"
		Release.AspNetCompiler.ForceOverwrite = "true"
		Release.AspNetCompiler.FixedNames = "false"
		Release.AspNetCompiler.Debug = "False"
		VWDPort = "64235"
		SlnRelativePath = "Infrastructure\eureka-server\"
	EndProjectSection
EndProject
Project("{2150E333-8FDC-42A3-9474-1A3956D46DE8}") = "Client & UI (Frontend)", "Client & UI (Frontend)", "{A9E1E343-A1C1-4D93-9F9D-1F3F96E6D301}"
EndProject
Project("{2150E333-8FDC-42A3-9474-1A3956D46DE8}") = "API Gateway", "API Gateway", "{B9E1E343-A1C1-4D93-9F9D-1F3F96E6D302}"
EndProject
Project("{2150E333-8FDC-42A3-9474-1A3956D46DE8}") = "Infrastructure", "Infrastructure", "{C9E1E343-A1C1-4D93-9F9D-1F3F96E6D303}"
EndProject
Project("{2150E333-8FDC-42A3-9474-1A3956D46DE8}") = "Microservices (Back-end)", "Microservices (Back-end)", "{D9E1E343-A1C1-4D93-9F9D-1F3F96E6D304}"
EndProject
Project("{2150E333-8FDC-42A3-9474-1A3956D46DE8}") = "PricingService", "PricingService", "{D9E1E343-B2C2-4D93-9F9D-000000000001}"
EndProject
Project("{2150E333-8FDC-42A3-9474-1A3956D46DE8}") = "PolicyService", "PolicyService", "{D9E1E343-B2C2-4D93-9F9D-000000000002}"
EndProject
Project("{2150E333-8FDC-42A3-9474-1A3956D46DE8}") = "PolicySearchService", "PolicySearchService", "{D9E1E343-B2C2-4D93-9F9D-000000000003}"
EndProject
Project("{2150E333-8FDC-42A3-9474-1A3956D46DE8}") = "AuthService", "AuthService", "{D9E1E343-B2C2-4D93-9F9D-000000000004}"
EndProject
Project("{2150E333-8FDC-42A3-9474-1A3956D46DE8}") = "ChatService", "ChatService", "{D9E1E343-B2C2-4D93-9F9D-000000000005}"
EndProject
Project("{2150E333-8FDC-42A3-9474-1A3956D46DE8}") = "DashboardService", "DashboardService", "{D9E1E343-B2C2-4D93-9F9D-000000000006}"
EndProject
Project("{2150E333-8FDC-42A3-9474-1A3956D46DE8}") = "PaymentService", "PaymentService", "{D9E1E343-B2C2-4D93-9F9D-000000000007}"
EndProject
Project("{2150E333-8FDC-42A3-9474-1A3956D46DE8}") = "ProductService", "ProductService", "{D9E1E343-B2C2-4D93-9F9D-000000000008}"
EndProject
Project("{2150E333-8FDC-42A3-9474-1A3956D46DE8}") = "DocumentService", "DocumentService", "{D9E1E343-B2C2-4D93-9F9D-000000000009}"
EndProject
Project("{2150E333-8FDC-42A3-9474-1A3956D46DE8}") = "scripts", "scripts", "{02EA681E-C7D8-13C7-8484-4AC65E1B71E8}"
	ProjectSection(SolutionItems) = preProject
		scripts\app-build.sh = scripts\app-build.sh
		scripts\app-down.sh = scripts\app-down.sh
		scripts\app-logs.sh = scripts\app-logs.sh
		scripts\app-run.sh = scripts\app-run.sh
		scripts\app.yml = scripts\app.yml
		scripts\build-without-tests.bat = scripts\build-without-tests.bat
		scripts\build-without-tests.sh = scripts\build-without-tests.sh
		scripts\build.bat = scripts\build.bat
		scripts\build.sh = scripts\build.sh
		scripts\infra-build.sh = scripts\infra-build.sh
		scripts\infra-down.sh = scripts\infra-down.sh
		scripts\infra-logs.sh = scripts\infra-logs.sh
		scripts\infra-run.sh = scripts\infra-run.sh
		scripts\infra.yml = scripts\infra.yml
		scripts\rabbitmq-isolated.conf = scripts\rabbitmq-isolated.conf
	EndProjectSection
EndProject
Project("{2150E333-8FDC-42A3-9474-1A3956D46DE8}") = "postgres", "postgres", "{07A3C60F-7B6D-4CA5-9FD5-CD99EBEE3B0F}"
	ProjectSection(SolutionItems) = preProject
		Infrastructure\postgres\createdatabases.sql = Infrastructure\postgres\createdatabases.sql
		postgres\Dockerfile = postgres\Dockerfile
		postgres\jobs_backup.sql = postgres\jobs_backup.sql
		postgres\payments_backup.sql = postgres\payments_backup.sql
		postgres\policy_backup.sql = postgres\policy_backup.sql
		postgres\pricing_backup.sql = postgres\pricing_backup.sql
	EndProjectSection
EndProject
Global
	GlobalSection(SolutionConfigurationPlatforms) = preSolution
		Debug|Any CPU = Debug|Any CPU
		Debug|x64 = Debug|x64
		Debug|x86 = Debug|x86
		Release|Any CPU = Release|Any CPU
		Release|x64 = Release|x64
		Release|x86 = Release|x86
	EndGlobalSection
	GlobalSection(ProjectConfigurationPlatforms) = postSolution
		{8F1D98B6-F7EA-43FA-82DC-0D4D6C192EEE}.Debug|Any CPU.ActiveCfg = Debug|Any CPU
		{8F1D98B6-F7EA-43FA-82DC-0D4D6C192EEE}.Debug|Any CPU.Build.0 = Debug|Any CPU
		{8F1D98B6-F7EA-43FA-82DC-0D4D6C192EEE}.Debug|x64.ActiveCfg = Debug|Any CPU
		{8F1D98B6-F7EA-43FA-82DC-0D4D6C192EEE}.Debug|x64.Build.0 = Debug|Any CPU
		{8F1D98B6-F7EA-43FA-82DC-0D4D6C192EEE}.Debug|x86.ActiveCfg = Debug|Any CPU
		{8F1D98B6-F7EA-43FA-82DC-0D4D6C192EEE}.Debug|x86.Build.0 = Debug|Any CPU
		{8F1D98B6-F7EA-43FA-82DC-0D4D6C192EEE}.Release|Any CPU.ActiveCfg = Release|Any CPU
		{8F1D98B6-F7EA-43FA-82DC-0D4D6C192EEE}.Release|Any CPU.Build.0 = Release|Any CPU
		{8F1D98B6-F7EA-43FA-82DC-0D4D6C192EEE}.Release|x64.ActiveCfg = Release|Any CPU
		{8F1D98B6-F7EA-43FA-82DC-0D4D6C192EEE}.Release|x64.Build.0 = Release|Any CPU
		{8F1D98B6-F7EA-43FA-82DC-0D4D6C192EEE}.Release|x86.ActiveCfg = Release|Any CPU
		{8F1D98B6-F7EA-43FA-82DC-0D4D6C192EEE}.Release|x86.Build.0 = Release|Any CPU
		{972D6929-0E8D-46E5-8974-23C200884D47}.Debug|Any CPU.ActiveCfg = Debug|Any CPU
		{972D6929-0E8D-46E5-8974-23C200884D47}.Debug|Any CPU.Build.0 = Debug|Any CPU
		{972D6929-0E8D-46E5-8974-23C200884D47}.Debug|x64.ActiveCfg = Debug|Any CPU
		{972D6929-0E8D-46E5-8974-23C200884D47}.Debug|x64.Build.0 = Debug|Any CPU
		{972D6929-0E8D-46E5-8974-23C200884D47}.Debug|x86.ActiveCfg = Debug|Any CPU
		{972D6929-0E8D-46E5-8974-23C200884D47}.Debug|x86.Build.0 = Debug|Any CPU
		{972D6929-0E8D-46E5-8974-23C200884D47}.Release|Any CPU.ActiveCfg = Release|Any CPU
		{972D6929-0E8D-46E5-8974-23C200884D47}.Release|Any CPU.Build.0 = Release|Any CPU
		{972D6929-0E8D-46E5-8974-23C200884D47}.Release|x64.ActiveCfg = Release|Any CPU
		{972D6929-0E8D-46E5-8974-23C200884D47}.Release|x64.Build.0 = Release|Any CPU
		{972D6929-0E8D-46E5-8974-23C200884D47}.Release|x86.ActiveCfg = Release|Any CPU
		{972D6929-0E8D-46E5-8974-23C200884D47}.Release|x86.Build.0 = Release|Any CPU
		{1A39368E-D02E-4FD1-B9F5-75BFC676E5A3}.Debug|Any CPU.ActiveCfg = Debug|Any CPU
		{1A39368E-D02E-4FD1-B9F5-75BFC676E5A3}.Debug|Any CPU.Build.0 = Debug|Any CPU
		{1A39368E-D02E-4FD1-B9F5-75BFC676E5A3}.Debug|x64.ActiveCfg = Debug|Any CPU
		{1A39368E-D02E-4FD1-B9F5-75BFC676E5A3}.Debug|x64.Build.0 = Debug|Any CPU
		{1A39368E-D02E-4FD1-B9F5-75BFC676E5A3}.Debug|x86.ActiveCfg = Debug|Any CPU
		{1A39368E-D02E-4FD1-B9F5-75BFC676E5A3}.Debug|x86.Build.0 = Debug|Any CPU
		{1A39368E-D02E-4FD1-B9F5-75BFC676E5A3}.Release|Any CPU.ActiveCfg = Release|Any CPU
		{1A39368E-D02E-4FD1-B9F5-75BFC676E5A3}.Release|Any CPU.Build.0 = Release|Any CPU
		{1A39368E-D02E-4FD1-B9F5-75BFC676E5A3}.Release|x64.ActiveCfg = Release|Any CPU
		{1A39368E-D02E-4FD1-B9F5-75BFC676E5A3}.Release|x64.Build.0 = Release|Any CPU
		{1A39368E-D02E-4FD1-B9F5-75BFC676E5A3}.Release|x86.ActiveCfg = Release|Any CPU
		{1A39368E-D02E-4FD1-B9F5-75BFC676E5A3}.Release|x86.Build.0 = Release|Any CPU
		{5A668088-0410-41E9-95D1-8017507AEF24}.Debug|Any CPU.ActiveCfg = Debug|Any CPU
		{5A668088-0410-41E9-95D1-8017507AEF24}.Debug|Any CPU.Build.0 = Debug|Any CPU
		{5A668088-0410-41E9-95D1-8017507AEF24}.Debug|x64.ActiveCfg = Debug|Any CPU
		{5A668088-0410-41E9-95D1-8017507AEF24}.Debug|x64.Build.0 = Debug|Any CPU
		{5A668088-0410-41E9-95D1-8017507AEF24}.Debug|x86.ActiveCfg = Debug|Any CPU
		{5A668088-0410-41E9-95D1-8017507AEF24}.Debug|x86.Build.0 = Debug|Any CPU
		{5A668088-0410-41E9-95D1-8017507AEF24}.Release|Any CPU.ActiveCfg = Release|Any CPU
		{5A668088-0410-41E9-95D1-8017507AEF24}.Release|Any CPU.Build.0 = Release|Any CPU
		{5A668088-0410-41E9-95D1-8017507AEF24}.Release|x64.ActiveCfg = Release|Any CPU
		{5A668088-0410-41E9-95D1-8017507AEF24}.Release|x64.Build.0 = Release|Any CPU
		{5A668088-0410-41E9-95D1-8017507AEF24}.Release|x86.ActiveCfg = Release|Any CPU
		{5A668088-0410-41E9-95D1-8017507AEF24}.Release|x86.Build.0 = Release|Any CPU
		{46A39540-8C94-42CC-9664-BE516D8C2108}.Debug|Any CPU.ActiveCfg = Debug|Any CPU
		{46A39540-8C94-42CC-9664-BE516D8C2108}.Debug|Any CPU.Build.0 = Debug|Any CPU
		{46A39540-8C94-42CC-9664-BE516D8C2108}.Debug|x64.ActiveCfg = Debug|Any CPU
		{46A39540-8C94-42CC-9664-BE516D8C2108}.Debug|x64.Build.0 = Debug|Any CPU
		{46A39540-8C94-42CC-9664-BE516D8C2108}.Debug|x86.ActiveCfg = Debug|Any CPU
		{46A39540-8C94-42CC-9664-BE516D8C2108}.Debug|x86.Build.0 = Debug|Any CPU
		{46A39540-8C94-42CC-9664-BE516D8C2108}.Release|Any CPU.ActiveCfg = Release|Any CPU
		{46A39540-8C94-42CC-9664-BE516D8C2108}.Release|Any CPU.Build.0 = Release|Any CPU
		{46A39540-8C94-42CC-9664-BE516D8C2108}.Release|x64.ActiveCfg = Release|Any CPU
		{46A39540-8C94-42CC-9664-BE516D8C2108}.Release|x64.Build.0 = Release|Any CPU
		{46A39540-8C94-42CC-9664-BE516D8C2108}.Release|x86.ActiveCfg = Release|Any CPU
		{46A39540-8C94-42CC-9664-BE516D8C2108}.Release|x86.Build.0 = Release|Any CPU
		{16665ED6-E4BC-4D64-AFA7-18ACBE542E55}.Debug|Any CPU.ActiveCfg = Debug|Any CPU
		{16665ED6-E4BC-4D64-AFA7-18ACBE542E55}.Debug|Any CPU.Build.0 = Debug|Any CPU
		{16665ED6-E4BC-4D64-AFA7-18ACBE542E55}.Debug|x64.ActiveCfg = Debug|Any CPU
		{16665ED6-E4BC-4D64-AFA7-18ACBE542E55}.Debug|x64.Build.0 = Debug|Any CPU
		{16665ED6-E4BC-4D64-AFA7-18ACBE542E55}.Debug|x86.ActiveCfg = Debug|Any CPU
		{16665ED6-E4BC-4D64-AFA7-18ACBE542E55}.Debug|x86.Build.0 = Debug|Any CPU
		{16665ED6-E4BC-4D64-AFA7-18ACBE542E55}.Release|Any CPU.ActiveCfg = Release|Any CPU
		{16665ED6-E4BC-4D64-AFA7-18ACBE542E55}.Release|Any CPU.Build.0 = Release|Any CPU
		{16665ED6-E4BC-4D64-AFA7-18ACBE542E55}.Release|x64.ActiveCfg = Release|Any CPU
		{16665ED6-E4BC-4D64-AFA7-18ACBE542E55}.Release|x64.Build.0 = Release|Any CPU
		{16665ED6-E4BC-4D64-AFA7-18ACBE542E55}.Release|x86.ActiveCfg = Release|Any CPU
		{16665ED6-E4BC-4D64-AFA7-18ACBE542E55}.Release|x86.Build.0 = Release|Any CPU
		{9210CA1F-B5C2-470B-81F3-FC3834E58067}.Debug|Any CPU.ActiveCfg = Debug|Any CPU
		{9210CA1F-B5C2-470B-81F3-FC3834E58067}.Debug|Any CPU.Build.0 = Debug|Any CPU
		{9210CA1F-B5C2-470B-81F3-FC3834E58067}.Debug|x64.ActiveCfg = Debug|Any CPU
		{9210CA1F-B5C2-470B-81F3-FC3834E58067}.Debug|x64.Build.0 = Debug|Any CPU
		{9210CA1F-B5C2-470B-81F3-FC3834E58067}.Debug|x86.ActiveCfg = Debug|Any CPU
		{9210CA1F-B5C2-470B-81F3-FC3834E58067}.Debug|x86.Build.0 = Debug|Any CPU
		{9210CA1F-B5C2-470B-81F3-FC3834E58067}.Release|Any CPU.ActiveCfg = Release|Any CPU
		{9210CA1F-B5C2-470B-81F3-FC3834E58067}.Release|Any CPU.Build.0 = Release|Any CPU
		{9210CA1F-B5C2-470B-81F3-FC3834E58067}.Release|x64.ActiveCfg = Release|Any CPU
		{9210CA1F-B5C2-470B-81F3-FC3834E58067}.Release|x64.Build.0 = Release|Any CPU
		{9210CA1F-B5C2-470B-81F3-FC3834E58067}.Release|x86.ActiveCfg = Release|Any CPU
		{9210CA1F-B5C2-470B-81F3-FC3834E58067}.Release|x86.Build.0 = Release|Any CPU
		{58C947F5-94E1-4C8F-8225-58A6D2BE05C5}.Debug|Any CPU.ActiveCfg = Debug|Any CPU
		{58C947F5-94E1-4C8F-8225-58A6D2BE05C5}.Debug|Any CPU.Build.0 = Debug|Any CPU
		{58C947F5-94E1-4C8F-8225-58A6D2BE05C5}.Debug|x64.ActiveCfg = Debug|Any CPU
		{58C947F5-94E1-4C8F-8225-58A6D2BE05C5}.Debug|x64.Build.0 = Debug|Any CPU
		{58C947F5-94E1-4C8F-8225-58A6D2BE05C5}.Debug|x86.ActiveCfg = Debug|Any CPU
		{58C947F5-94E1-4C8F-8225-58A6D2BE05C5}.Debug|x86.Build.0 = Debug|Any CPU
		{58C947F5-94E1-4C8F-8225-58A6D2BE05C5}.Release|Any CPU.ActiveCfg = Release|Any CPU
		{58C947F5-94E1-4C8F-8225-58A6D2BE05C5}.Release|Any CPU.Build.0 = Release|Any CPU
		{58C947F5-94E1-4C8F-8225-58A6D2BE05C5}.Release|x64.ActiveCfg = Release|Any CPU
		{58C947F5-94E1-4C8F-8225-58A6D2BE05C5}.Release|x64.Build.0 = Release|Any CPU
		{58C947F5-94E1-4C8F-8225-58A6D2BE05C5}.Release|x86.ActiveCfg = Release|Any CPU
		{58C947F5-94E1-4C8F-8225-58A6D2BE05C5}.Release|x86.Build.0 = Release|Any CPU
		{F9312354-B321-4A40-A806-4DCAD130FA14}.Debug|Any CPU.ActiveCfg = Debug|Any CPU
		{F9312354-B321-4A40-A806-4DCAD130FA14}.Debug|Any CPU.Build.0 = Debug|Any CPU
		{F9312354-B321-4A40-A806-4DCAD130FA14}.Debug|x64.ActiveCfg = Debug|Any CPU
		{F9312354-B321-4A40-A806-4DCAD130FA14}.Debug|x64.Build.0 = Debug|Any CPU
		{F9312354-B321-4A40-A806-4DCAD130FA14}.Debug|x86.ActiveCfg = Debug|Any CPU
		{F9312354-B321-4A40-A806-4DCAD130FA14}.Debug|x86.Build.0 = Debug|Any CPU
		{F9312354-B321-4A40-A806-4DCAD130FA14}.Release|Any CPU.ActiveCfg = Release|Any CPU
		{F9312354-B321-4A40-A806-4DCAD130FA14}.Release|Any CPU.Build.0 = Release|Any CPU
		{F9312354-B321-4A40-A806-4DCAD130FA14}.Release|x64.ActiveCfg = Release|Any CPU
		{F9312354-B321-4A40-A806-4DCAD130FA14}.Release|x64.Build.0 = Release|Any CPU
		{F9312354-B321-4A40-A806-4DCAD130FA14}.Release|x86.ActiveCfg = Release|Any CPU
		{F9312354-B321-4A40-A806-4DCAD130FA14}.Release|x86.Build.0 = Release|Any CPU
		{70652B46-40FE-45ED-8F80-5CAB571134F4}.Debug|Any CPU.ActiveCfg = Debug|Any CPU
		{70652B46-40FE-45ED-8F80-5CAB571134F4}.Debug|Any CPU.Build.0 = Debug|Any CPU
		{70652B46-40FE-45ED-8F80-5CAB571134F4}.Debug|x64.ActiveCfg = Debug|Any CPU
		{70652B46-40FE-45ED-8F80-5CAB571134F4}.Debug|x64.Build.0 = Debug|Any CPU
		{70652B46-40FE-45ED-8F80-5CAB571134F4}.Debug|x86.ActiveCfg = Debug|Any CPU
		{70652B46-40FE-45ED-8F80-5CAB571134F4}.Debug|x86.Build.0 = Debug|Any CPU
		{70652B46-40FE-45ED-8F80-5CAB571134F4}.Release|Any CPU.ActiveCfg = Release|Any CPU
		{70652B46-40FE-45ED-8F80-5CAB571134F4}.Release|Any CPU.Build.0 = Release|Any CPU
		{70652B46-40FE-45ED-8F80-5CAB571134F4}.Release|x64.ActiveCfg = Release|Any CPU
		{70652B46-40FE-45ED-8F80-5CAB571134F4}.Release|x64.Build.0 = Release|Any CPU
		{70652B46-40FE-45ED-8F80-5CAB571134F4}.Release|x86.ActiveCfg = Release|Any CPU
		{70652B46-40FE-45ED-8F80-5CAB571134F4}.Release|x86.Build.0 = Release|Any CPU
		{AFCBC2D4-544C-44E3-AA2A-4C815D5D8B8F}.Debug|Any CPU.ActiveCfg = Debug|Any CPU
		{AFCBC2D4-544C-44E3-AA2A-4C815D5D8B8F}.Debug|Any CPU.Build.0 = Debug|Any CPU
		{AFCBC2D4-544C-44E3-AA2A-4C815D5D8B8F}.Debug|x64.ActiveCfg = Debug|Any CPU
		{AFCBC2D4-544C-44E3-AA2A-4C815D5D8B8F}.Debug|x64.Build.0 = Debug|Any CPU
		{AFCBC2D4-544C-44E3-AA2A-4C815D5D8B8F}.Debug|x86.ActiveCfg = Debug|Any CPU
		{AFCBC2D4-544C-44E3-AA2A-4C815D5D8B8F}.Debug|x86.Build.0 = Debug|Any CPU
		{AFCBC2D4-544C-44E3-AA2A-4C815D5D8B8F}.Release|Any CPU.ActiveCfg = Release|Any CPU
		{AFCBC2D4-544C-44E3-AA2A-4C815D5D8B8F}.Release|Any CPU.Build.0 = Release|Any CPU
		{AFCBC2D4-544C-44E3-AA2A-4C815D5D8B8F}.Release|x64.ActiveCfg = Release|Any CPU
		{AFCBC2D4-544C-44E3-AA2A-4C815D5D8B8F}.Release|x64.Build.0 = Release|Any CPU
		{AFCBC2D4-544C-44E3-AA2A-4C815D5D8B8F}.Release|x86.ActiveCfg = Release|Any CPU
		{AFCBC2D4-544C-44E3-AA2A-4C815D5D8B8F}.Release|x86.Build.0 = Release|Any CPU
		{E933BB11-5209-4428-8C82-9D83C926EEF6}.Debug|Any CPU.ActiveCfg = Debug|Any CPU
		{E933BB11-5209-4428-8C82-9D83C926EEF6}.Debug|Any CPU.Build.0 = Debug|Any CPU
		{E933BB11-5209-4428-8C82-9D83C926EEF6}.Debug|x64.ActiveCfg = Debug|Any CPU
		{E933BB11-5209-4428-8C82-9D83C926EEF6}.Debug|x64.Build.0 = Debug|Any CPU
		{E933BB11-5209-4428-8C82-9D83C926EEF6}.Debug|x86.ActiveCfg = Debug|Any CPU
		{E933BB11-5209-4428-8C82-9D83C926EEF6}.Debug|x86.Build.0 = Debug|Any CPU
		{E933BB11-5209-4428-8C82-9D83C926EEF6}.Release|Any CPU.ActiveCfg = Release|Any CPU
		{E933BB11-5209-4428-8C82-9D83C926EEF6}.Release|Any CPU.Build.0 = Release|Any CPU
		{E933BB11-5209-4428-8C82-9D83C926EEF6}.Release|x64.ActiveCfg = Release|Any CPU
		{E933BB11-5209-4428-8C82-9D83C926EEF6}.Release|x64.Build.0 = Release|Any CPU
		{E933BB11-5209-4428-8C82-9D83C926EEF6}.Release|x86.ActiveCfg = Release|Any CPU
		{E933BB11-5209-4428-8C82-9D83C926EEF6}.Release|x86.Build.0 = Release|Any CPU
		{514BE312-C81D-4230-9FB6-BBDDB9466C01}.Debug|Any CPU.ActiveCfg = Debug|Any CPU
		{514BE312-C81D-4230-9FB6-BBDDB9466C01}.Debug|Any CPU.Build.0 = Debug|Any CPU
		{514BE312-C81D-4230-9FB6-BBDDB9466C01}.Debug|x64.ActiveCfg = Debug|Any CPU
		{514BE312-C81D-4230-9FB6-BBDDB9466C01}.Debug|x64.Build.0 = Debug|Any CPU
		{514BE312-C81D-4230-9FB6-BBDDB9466C01}.Debug|x86.ActiveCfg = Debug|Any CPU
		{514BE312-C81D-4230-9FB6-BBDDB9466C01}.Debug|x86.Build.0 = Debug|Any CPU
		{514BE312-C81D-4230-9FB6-BBDDB9466C01}.Release|Any CPU.ActiveCfg = Release|Any CPU
		{514BE312-C81D-4230-9FB6-BBDDB9466C01}.Release|Any CPU.Build.0 = Release|Any CPU
		{514BE312-C81D-4230-9FB6-BBDDB9466C01}.Release|x64.ActiveCfg = Release|Any CPU
		{514BE312-C81D-4230-9FB6-BBDDB9466C01}.Release|x64.Build.0 = Release|Any CPU
		{514BE312-C81D-4230-9FB6-BBDDB9466C01}.Release|x86.ActiveCfg = Release|Any CPU
		{514BE312-C81D-4230-9FB6-BBDDB9466C01}.Release|x86.Build.0 = Release|Any CPU
		{718C22B8-0F9C-4207-9AE5-DADB01891DA4}.Debug|Any CPU.ActiveCfg = Debug|Any CPU
		{718C22B8-0F9C-4207-9AE5-DADB01891DA4}.Debug|Any CPU.Build.0 = Debug|Any CPU
		{718C22B8-0F9C-4207-9AE5-DADB01891DA4}.Debug|x64.ActiveCfg = Debug|Any CPU
		{718C22B8-0F9C-4207-9AE5-DADB01891DA4}.Debug|x64.Build.0 = Debug|Any CPU
		{718C22B8-0F9C-4207-9AE5-DADB01891DA4}.Debug|x86.ActiveCfg = Debug|Any CPU
		{718C22B8-0F9C-4207-9AE5-DADB01891DA4}.Debug|x86.Build.0 = Debug|Any CPU
		{718C22B8-0F9C-4207-9AE5-DADB01891DA4}.Release|Any CPU.ActiveCfg = Release|Any CPU
		{718C22B8-0F9C-4207-9AE5-DADB01891DA4}.Release|Any CPU.Build.0 = Release|Any CPU
		{718C22B8-0F9C-4207-9AE5-DADB01891DA4}.Release|x64.ActiveCfg = Release|Any CPU
		{718C22B8-0F9C-4207-9AE5-DADB01891DA4}.Release|x64.Build.0 = Release|Any CPU
		{718C22B8-0F9C-4207-9AE5-DADB01891DA4}.Release|x86.ActiveCfg = Release|Any CPU
		{718C22B8-0F9C-4207-9AE5-DADB01891DA4}.Release|x86.Build.0 = Release|Any CPU
		{ED23CBC8-9A05-43F4-BD61-C320B3F2FA7A}.Debug|Any CPU.ActiveCfg = Debug|Any CPU
		{ED23CBC8-9A05-43F4-BD61-C320B3F2FA7A}.Debug|Any CPU.Build.0 = Debug|Any CPU
		{ED23CBC8-9A05-43F4-BD61-C320B3F2FA7A}.Debug|x64.ActiveCfg = Debug|Any CPU
		{ED23CBC8-9A05-43F4-BD61-C320B3F2FA7A}.Debug|x64.Build.0 = Debug|Any CPU
		{ED23CBC8-9A05-43F4-BD61-C320B3F2FA7A}.Debug|x86.ActiveCfg = Debug|Any CPU
		{ED23CBC8-9A05-43F4-BD61-C320B3F2FA7A}.Debug|x86.Build.0 = Debug|Any CPU
		{ED23CBC8-9A05-43F4-BD61-C320B3F2FA7A}.Release|Any CPU.ActiveCfg = Release|Any CPU
		{ED23CBC8-9A05-43F4-BD61-C320B3F2FA7A}.Release|Any CPU.Build.0 = Release|Any CPU
		{ED23CBC8-9A05-43F4-BD61-C320B3F2FA7A}.Release|x64.ActiveCfg = Release|Any CPU
		{ED23CBC8-9A05-43F4-BD61-C320B3F2FA7A}.Release|x64.Build.0 = Release|Any CPU
		{ED23CBC8-9A05-43F4-BD61-C320B3F2FA7A}.Release|x86.ActiveCfg = Release|Any CPU
		{ED23CBC8-9A05-43F4-BD61-C320B3F2FA7A}.Release|x86.Build.0 = Release|Any CPU
		{C5BECD3D-ABD5-466C-AE5E-07A5EA8D9DD3}.Debug|Any CPU.ActiveCfg = Debug|Any CPU
		{C5BECD3D-ABD5-466C-AE5E-07A5EA8D9DD3}.Debug|Any CPU.Build.0 = Debug|Any CPU
		{C5BECD3D-ABD5-466C-AE5E-07A5EA8D9DD3}.Debug|x64.ActiveCfg = Debug|Any CPU
		{C5BECD3D-ABD5-466C-AE5E-07A5EA8D9DD3}.Debug|x64.Build.0 = Debug|Any CPU
		{C5BECD3D-ABD5-466C-AE5E-07A5EA8D9DD3}.Debug|x86.ActiveCfg = Debug|Any CPU
		{C5BECD3D-ABD5-466C-AE5E-07A5EA8D9DD3}.Debug|x86.Build.0 = Debug|Any CPU
		{C5BECD3D-ABD5-466C-AE5E-07A5EA8D9DD3}.Release|Any CPU.ActiveCfg = Release|Any CPU
		{C5BECD3D-ABD5-466C-AE5E-07A5EA8D9DD3}.Release|Any CPU.Build.0 = Release|Any CPU
		{C5BECD3D-ABD5-466C-AE5E-07A5EA8D9DD3}.Release|x64.ActiveCfg = Release|Any CPU
		{C5BECD3D-ABD5-466C-AE5E-07A5EA8D9DD3}.Release|x64.Build.0 = Release|Any CPU
		{C5BECD3D-ABD5-466C-AE5E-07A5EA8D9DD3}.Release|x86.ActiveCfg = Release|Any CPU
		{C5BECD3D-ABD5-466C-AE5E-07A5EA8D9DD3}.Release|x86.Build.0 = Release|Any CPU
		{1E71F213-1967-431F-ADB2-19E0D328EA93}.Debug|Any CPU.ActiveCfg = Debug|Any CPU
		{1E71F213-1967-431F-ADB2-19E0D328EA93}.Debug|Any CPU.Build.0 = Debug|Any CPU
		{1E71F213-1967-431F-ADB2-19E0D328EA93}.Debug|x64.ActiveCfg = Debug|Any CPU
		{1E71F213-1967-431F-ADB2-19E0D328EA93}.Debug|x64.Build.0 = Debug|Any CPU
		{1E71F213-1967-431F-ADB2-19E0D328EA93}.Debug|x86.ActiveCfg = Debug|Any CPU
		{1E71F213-1967-431F-ADB2-19E0D328EA93}.Debug|x86.Build.0 = Debug|Any CPU
		{1E71F213-1967-431F-ADB2-19E0D328EA93}.Release|Any CPU.ActiveCfg = Release|Any CPU
		{1E71F213-1967-431F-ADB2-19E0D328EA93}.Release|Any CPU.Build.0 = Release|Any CPU
		{1E71F213-1967-431F-ADB2-19E0D328EA93}.Release|x64.ActiveCfg = Release|Any CPU
		{1E71F213-1967-431F-ADB2-19E0D328EA93}.Release|x64.Build.0 = Release|Any CPU
		{1E71F213-1967-431F-ADB2-19E0D328EA93}.Release|x86.ActiveCfg = Release|Any CPU
		{1E71F213-1967-431F-ADB2-19E0D328EA93}.Release|x86.Build.0 = Release|Any CPU
		{36761A6F-0921-429E-BEBB-88F23A2AED8B}.Debug|Any CPU.ActiveCfg = Debug|Any CPU
		{36761A6F-0921-429E-BEBB-88F23A2AED8B}.Debug|Any CPU.Build.0 = Debug|Any CPU
		{36761A6F-0921-429E-BEBB-88F23A2AED8B}.Debug|x64.ActiveCfg = Debug|Any CPU
		{36761A6F-0921-429E-BEBB-88F23A2AED8B}.Debug|x64.Build.0 = Debug|Any CPU
		{36761A6F-0921-429E-BEBB-88F23A2AED8B}.Debug|x86.ActiveCfg = Debug|Any CPU
		{36761A6F-0921-429E-BEBB-88F23A2AED8B}.Debug|x86.Build.0 = Debug|Any CPU
		{36761A6F-0921-429E-BEBB-88F23A2AED8B}.Release|Any CPU.ActiveCfg = Release|Any CPU
		{36761A6F-0921-429E-BEBB-88F23A2AED8B}.Release|Any CPU.Build.0 = Release|Any CPU
		{36761A6F-0921-429E-BEBB-88F23A2AED8B}.Release|x64.ActiveCfg = Release|Any CPU
		{36761A6F-0921-429E-BEBB-88F23A2AED8B}.Release|x64.Build.0 = Release|Any CPU
		{36761A6F-0921-429E-BEBB-88F23A2AED8B}.Release|x86.ActiveCfg = Release|Any CPU
		{36761A6F-0921-429E-BEBB-88F23A2AED8B}.Release|x86.Build.0 = Release|Any CPU
		{C3A0B042-D4E1-444E-8013-B77A6EE286A3}.Debug|Any CPU.ActiveCfg = Debug|Any CPU
		{C3A0B042-D4E1-444E-8013-B77A6EE286A3}.Debug|Any CPU.Build.0 = Debug|Any CPU
		{C3A0B042-D4E1-444E-8013-B77A6EE286A3}.Debug|x64.ActiveCfg = Debug|Any CPU
		{C3A0B042-D4E1-444E-8013-B77A6EE286A3}.Debug|x64.Build.0 = Debug|Any CPU
		{C3A0B042-D4E1-444E-8013-B77A6EE286A3}.Debug|x86.ActiveCfg = Debug|Any CPU
		{C3A0B042-D4E1-444E-8013-B77A6EE286A3}.Debug|x86.Build.0 = Debug|Any CPU
		{C3A0B042-D4E1-444E-8013-B77A6EE286A3}.Release|Any CPU.ActiveCfg = Release|Any CPU
		{C3A0B042-D4E1-444E-8013-B77A6EE286A3}.Release|Any CPU.Build.0 = Release|Any CPU
		{C3A0B042-D4E1-444E-8013-B77A6EE286A3}.Release|x64.ActiveCfg = Release|Any CPU
		{C3A0B042-D4E1-444E-8013-B77A6EE286A3}.Release|x64.Build.0 = Release|Any CPU
		{C3A0B042-D4E1-444E-8013-B77A6EE286A3}.Release|x86.ActiveCfg = Release|Any CPU
		{C3A0B042-D4E1-444E-8013-B77A6EE286A3}.Release|x86.Build.0 = Release|Any CPU
		{52BCF3D3-6817-4EE1-963F-5E5EE27265A9}.Debug|Any CPU.ActiveCfg = Debug|Any CPU
		{52BCF3D3-6817-4EE1-963F-5E5EE27265A9}.Debug|Any CPU.Build.0 = Debug|Any CPU
		{52BCF3D3-6817-4EE1-963F-5E5EE27265A9}.Debug|x64.ActiveCfg = Debug|Any CPU
		{52BCF3D3-6817-4EE1-963F-5E5EE27265A9}.Debug|x64.Build.0 = Debug|Any CPU
		{52BCF3D3-6817-4EE1-963F-5E5EE27265A9}.Debug|x86.ActiveCfg = Debug|Any CPU
		{52BCF3D3-6817-4EE1-963F-5E5EE27265A9}.Debug|x86.Build.0 = Debug|Any CPU
		{52BCF3D3-6817-4EE1-963F-5E5EE27265A9}.Release|Any CPU.ActiveCfg = Release|Any CPU
		{52BCF3D3-6817-4EE1-963F-5E5EE27265A9}.Release|Any CPU.Build.0 = Release|Any CPU
		{52BCF3D3-6817-4EE1-963F-5E5EE27265A9}.Release|x64.ActiveCfg = Release|Any CPU
		{52BCF3D3-6817-4EE1-963F-5E5EE27265A9}.Release|x64.Build.0 = Release|Any CPU
		{52BCF3D3-6817-4EE1-963F-5E5EE27265A9}.Release|x86.ActiveCfg = Release|Any CPU
		{52BCF3D3-6817-4EE1-963F-5E5EE27265A9}.Release|x86.Build.0 = Release|Any CPU
		{CB0FFADF-3E83-4CDA-AECD-41B0ED38F317}.Debug|Any CPU.ActiveCfg = Debug|Any CPU
		{CB0FFADF-3E83-4CDA-AECD-41B0ED38F317}.Debug|Any CPU.Build.0 = Debug|Any CPU
		{CB0FFADF-3E83-4CDA-AECD-41B0ED38F317}.Debug|x64.ActiveCfg = Debug|Any CPU
		{CB0FFADF-3E83-4CDA-AECD-41B0ED38F317}.Debug|x64.Build.0 = Debug|Any CPU
		{CB0FFADF-3E83-4CDA-AECD-41B0ED38F317}.Debug|x86.ActiveCfg = Debug|Any CPU
		{CB0FFADF-3E83-4CDA-AECD-41B0ED38F317}.Debug|x86.Build.0 = Debug|Any CPU
		{CB0FFADF-3E83-4CDA-AECD-41B0ED38F317}.Release|Any CPU.ActiveCfg = Release|Any CPU
		{CB0FFADF-3E83-4CDA-AECD-41B0ED38F317}.Release|Any CPU.Build.0 = Release|Any CPU
		{CB0FFADF-3E83-4CDA-AECD-41B0ED38F317}.Release|x64.ActiveCfg = Release|Any CPU
		{CB0FFADF-3E83-4CDA-AECD-41B0ED38F317}.Release|x64.Build.0 = Release|Any CPU
		{CB0FFADF-3E83-4CDA-AECD-41B0ED38F317}.Release|x86.ActiveCfg = Release|Any CPU
		{CB0FFADF-3E83-4CDA-AECD-41B0ED38F317}.Release|x86.Build.0 = Release|Any CPU
		{8B42CB5E-48E8-4C1F-B5BB-A7E21E818E03}.Debug|Any CPU.ActiveCfg = Debug|Any CPU
		{8B42CB5E-48E8-4C1F-B5BB-A7E21E818E03}.Debug|Any CPU.Build.0 = Debug|Any CPU
		{8B42CB5E-48E8-4C1F-B5BB-A7E21E818E03}.Debug|x64.ActiveCfg = Debug|Any CPU
		{8B42CB5E-48E8-4C1F-B5BB-A7E21E818E03}.Debug|x64.Build.0 = Debug|Any CPU
		{8B42CB5E-48E8-4C1F-B5BB-A7E21E818E03}.Debug|x86.ActiveCfg = Debug|Any CPU
		{8B42CB5E-48E8-4C1F-B5BB-A7E21E818E03}.Debug|x86.Build.0 = Debug|Any CPU
		{8B42CB5E-48E8-4C1F-B5BB-A7E21E818E03}.Release|Any CPU.ActiveCfg = Release|Any CPU
		{8B42CB5E-48E8-4C1F-B5BB-A7E21E818E03}.Release|Any CPU.Build.0 = Release|Any CPU
		{8B42CB5E-48E8-4C1F-B5BB-A7E21E818E03}.Release|x64.ActiveCfg = Release|Any CPU
		{8B42CB5E-48E8-4C1F-B5BB-A7E21E818E03}.Release|x64.Build.0 = Release|Any CPU
		{8B42CB5E-48E8-4C1F-B5BB-A7E21E818E03}.Release|x86.ActiveCfg = Release|Any CPU
		{8B42CB5E-48E8-4C1F-B5BB-A7E21E818E03}.Release|x86.Build.0 = Release|Any CPU
		{883D4953-4624-4D4B-BFA8-0B1ABE512324}.Debug|Any CPU.ActiveCfg = Debug|Any CPU
		{883D4953-4624-4D4B-BFA8-0B1ABE512324}.Debug|Any CPU.Build.0 = Debug|Any CPU
		{883D4953-4624-4D4B-BFA8-0B1ABE512324}.Debug|x64.ActiveCfg = Debug|Any CPU
		{883D4953-4624-4D4B-BFA8-0B1ABE512324}.Debug|x64.Build.0 = Debug|Any CPU
		{883D4953-4624-4D4B-BFA8-0B1ABE512324}.Debug|x86.ActiveCfg = Debug|Any CPU
		{883D4953-4624-4D4B-BFA8-0B1ABE512324}.Debug|x86.Build.0 = Debug|Any CPU
		{883D4953-4624-4D4B-BFA8-0B1ABE512324}.Release|Any CPU.ActiveCfg = Release|Any CPU
		{883D4953-4624-4D4B-BFA8-0B1ABE512324}.Release|Any CPU.Build.0 = Release|Any CPU
		{883D4953-4624-4D4B-BFA8-0B1ABE512324}.Release|x64.ActiveCfg = Release|Any CPU
		{883D4953-4624-4D4B-BFA8-0B1ABE512324}.Release|x64.Build.0 = Release|Any CPU
		{883D4953-4624-4D4B-BFA8-0B1ABE512324}.Release|x86.ActiveCfg = Release|Any CPU
		{883D4953-4624-4D4B-BFA8-0B1ABE512324}.Release|x86.Build.0 = Release|Any CPU
		{DECAFFEA-785B-4D73-931B-A39165DEC490}.Debug|Any CPU.ActiveCfg = Debug|Any CPU
		{DECAFFEA-785B-4D73-931B-A39165DEC490}.Debug|Any CPU.Build.0 = Debug|Any CPU
		{DECAFFEA-785B-4D73-931B-A39165DEC490}.Debug|x64.ActiveCfg = Debug|Any CPU
		{DECAFFEA-785B-4D73-931B-A39165DEC490}.Debug|x64.Build.0 = Debug|Any CPU
		{DECAFFEA-785B-4D73-931B-A39165DEC490}.Debug|x86.ActiveCfg = Debug|Any CPU
		{DECAFFEA-785B-4D73-931B-A39165DEC490}.Debug|x86.Build.0 = Debug|Any CPU
		{DECAFFEA-785B-4D73-931B-A39165DEC490}.Release|Any CPU.ActiveCfg = Release|Any CPU
		{DECAFFEA-785B-4D73-931B-A39165DEC490}.Release|Any CPU.Build.0 = Release|Any CPU
		{DECAFFEA-785B-4D73-931B-A39165DEC490}.Release|x64.ActiveCfg = Release|Any CPU
		{DECAFFEA-785B-4D73-931B-A39165DEC490}.Release|x64.Build.0 = Release|Any CPU
		{DECAFFEA-785B-4D73-931B-A39165DEC490}.Release|x86.ActiveCfg = Release|Any CPU
		{DECAFFEA-785B-4D73-931B-A39165DEC490}.Release|x86.Build.0 = Release|Any CPU
		{F34620D7-6EA5-4F85-A4A5-9E8AD0A752D0}.Debug|Any CPU.ActiveCfg = Debug|Any CPU
		{F34620D7-6EA5-4F85-A4A5-9E8AD0A752D0}.Debug|Any CPU.Build.0 = Debug|Any CPU
		{F34620D7-6EA5-4F85-A4A5-9E8AD0A752D0}.Debug|x64.ActiveCfg = Debug|Any CPU
		{F34620D7-6EA5-4F85-A4A5-9E8AD0A752D0}.Debug|x64.Build.0 = Debug|Any CPU
		{F34620D7-6EA5-4F85-A4A5-9E8AD0A752D0}.Debug|x86.ActiveCfg = Debug|Any CPU
		{F34620D7-6EA5-4F85-A4A5-9E8AD0A752D0}.Debug|x86.Build.0 = Debug|Any CPU
		{F34620D7-6EA5-4F85-A4A5-9E8AD0A752D0}.Release|Any CPU.ActiveCfg = Release|Any CPU
		{F34620D7-6EA5-4F85-A4A5-9E8AD0A752D0}.Release|Any CPU.Build.0 = Release|Any CPU
		{F34620D7-6EA5-4F85-A4A5-9E8AD0A752D0}.Release|x64.ActiveCfg = Release|Any CPU
		{F34620D7-6EA5-4F85-A4A5-9E8AD0A752D0}.Release|x64.Build.0 = Release|Any CPU
		{F34620D7-6EA5-4F85-A4A5-9E8AD0A752D0}.Release|x86.ActiveCfg = Release|Any CPU
		{F34620D7-6EA5-4F85-A4A5-9E8AD0A752D0}.Release|x86.Build.0 = Release|Any CPU
	EndGlobalSection
	GlobalSection(SolutionProperties) = preSolution
		HideSolutionNode = FALSE
	EndGlobalSection
	GlobalSection(NestedProjects) = preSolution
		{8F1D98B6-F7EA-43FA-82DC-0D4D6C192EEE} = {B9E1E343-A1C1-4D93-9F9D-1F3F96E6D302}
		{972D6929-0E8D-46E5-8974-23C200884D47} = {A9E1E343-A1C1-4D93-9F9D-1F3F96E6D301}
		{1A39368E-D02E-4FD1-B9F5-75BFC676E5A3} = {D9E1E343-B2C2-4D93-9F9D-000000000004}
		{D9E1E343-B2C2-4D93-9F9D-000000000004} = {D9E1E343-A1C1-4D93-9F9D-1F3F96E6D304}
		{5A668088-0410-41E9-95D1-8017507AEF24} = {D9E1E343-B2C2-4D93-9F9D-000000000005}
		{D9E1E343-B2C2-4D93-9F9D-000000000005} = {D9E1E343-A1C1-4D93-9F9D-1F3F96E6D304}
		{46A39540-8C94-42CC-9664-BE516D8C2108} = {D9E1E343-B2C2-4D93-9F9D-000000000005}
		{16665ED6-E4BC-4D64-AFA7-18ACBE542E55} = {D9E1E343-B2C2-4D93-9F9D-000000000006}
		{D9E1E343-B2C2-4D93-9F9D-000000000006} = {D9E1E343-A1C1-4D93-9F9D-1F3F96E6D304}
		{9210CA1F-B5C2-470B-81F3-FC3834E58067} = {D9E1E343-B2C2-4D93-9F9D-000000000006}
		{58C947F5-94E1-4C8F-8225-58A6D2BE05C5} = {D9E1E343-B2C2-4D93-9F9D-000000000006}
		{F9312354-B321-4A40-A806-4DCAD130FA14} = {D9E1E343-B2C2-4D93-9F9D-000000000009}
		{D9E1E343-B2C2-4D93-9F9D-000000000009} = {D9E1E343-A1C1-4D93-9F9D-1F3F96E6D304}
		{70652B46-40FE-45ED-8F80-5CAB571134F4} = {D9E1E343-A1C1-4D93-9F9D-1F3F96E6D304}
		{AFCBC2D4-544C-44E3-AA2A-4C815D5D8B8F} = {D9E1E343-B2C2-4D93-9F9D-000000000007}
		{D9E1E343-B2C2-4D93-9F9D-000000000007} = {D9E1E343-A1C1-4D93-9F9D-1F3F96E6D304}
		{E933BB11-5209-4428-8C82-9D83C926EEF6} = {D9E1E343-B2C2-4D93-9F9D-000000000007}
		{514BE312-C81D-4230-9FB6-BBDDB9466C01} = {D9E1E343-B2C2-4D93-9F9D-000000000007}
		{718C22B8-0F9C-4207-9AE5-DADB01891DA4} = {D9E1E343-B2C2-4D93-9F9D-000000000003}
		{D9E1E343-B2C2-4D93-9F9D-000000000003} = {D9E1E343-A1C1-4D93-9F9D-1F3F96E6D304}
		{ED23CBC8-9A05-43F4-BD61-C320B3F2FA7A} = {D9E1E343-B2C2-4D93-9F9D-000000000003}
		{C5BECD3D-ABD5-466C-AE5E-07A5EA8D9DD3} = {D9E1E343-B2C2-4D93-9F9D-000000000002}
		{D9E1E343-B2C2-4D93-9F9D-000000000002} = {D9E1E343-A1C1-4D93-9F9D-1F3F96E6D304}
		{1E71F213-1967-431F-ADB2-19E0D328EA93} = {D9E1E343-B2C2-4D93-9F9D-000000000002}
		{36761A6F-0921-429E-BEBB-88F23A2AED8B} = {D9E1E343-B2C2-4D93-9F9D-000000000002}
		{C3A0B042-D4E1-444E-8013-B77A6EE286A3} = {D9E1E343-B2C2-4D93-9F9D-000000000001}
		{D9E1E343-B2C2-4D93-9F9D-000000000001} = {D9E1E343-A1C1-4D93-9F9D-1F3F96E6D304}
		{52BCF3D3-6817-4EE1-963F-5E5EE27265A9} = {D9E1E343-B2C2-4D93-9F9D-000000000001}
		{CB0FFADF-3E83-4CDA-AECD-41B0ED38F317} = {D9E1E343-B2C2-4D93-9F9D-000000000001}
		{8B42CB5E-48E8-4C1F-B5BB-A7E21E818E03} = {D9E1E343-B2C2-4D93-9F9D-000000000001}
		{883D4953-4624-4D4B-BFA8-0B1ABE512324} = {D9E1E343-B2C2-4D93-9F9D-000000000008}
		{D9E1E343-B2C2-4D93-9F9D-000000000008} = {D9E1E343-A1C1-4D93-9F9D-1F3F96E6D304}
		{DECAFFEA-785B-4D73-931B-A39165DEC490} = {D9E1E343-B2C2-4D93-9F9D-000000000008}
		{F34620D7-6EA5-4F85-A4A5-9E8AD0A752D0} = {D9E1E343-B2C2-4D93-9F9D-000000000008}
		{A9807B56-ABAE-FC54-E455-F6F1CAEFB532} = {A9E1E343-A1C1-4D93-9F9D-1F3F96E6D301}
		{E97AA169-5906-9560-1805-7FE7597C83BB} = {C9E1E343-A1C1-4D93-9F9D-1F3F96E6D303}
		{02EA681E-C7D8-13C7-8484-4AC65E1B71E8} = {C9E1E343-A1C1-4D93-9F9D-1F3F96E6D303}
		{07A3C60F-7B6D-4CA5-9FD5-CD99EBEE3B0F} = {C9E1E343-A1C1-4D93-9F9D-1F3F96E6D303}
	EndGlobalSection
EndGlobal
